
Microsoft Visual Studio Solution File, Format Version 12.00
# Visual Studio Version 17
VisualStudioVersion = 17.6.33829.357
MinimumVisualStudioVersion = 10.0.40219.1
Project("{FAE04EC0-301F-11D3-BF4B-00C04F79EFBC}") = "MedicalLifeHealthcare", "MedicalLifeHealthcare\MedicalLifeHealthcare.csproj", "{4FFC8CFB-9BEB-4C5C-BE25-8206AFC0BF15}"
EndProject
Global
	GlobalSection(SolutionConfigurationPlatforms) = preSolution
		Debug|Any CPU = Debug|Any CPU
		Release|Any CPU = Release|Any CPU
	EndGlobalSection
	GlobalSection(ProjectConfigurationPlatforms) = postSolution
		{4FFC8CFB-9BEB-4C5C-BE25-8206AFC0BF15}.Debug|Any CPU.ActiveCfg = Debug|Any CPU
		{4FFC8CFB-9BEB-4C5C-BE25-8206AFC0BF15}.Debug|Any CPU.Build.0 = Debug|Any CPU
		{4FFC8CFB-9BEB-4C5C-BE25-8206AFC0BF15}.Release|Any CPU.ActiveCfg = Release|Any CPU
		{4FFC8CFB-9BEB-4C5C-BE25-8206AFC0BF15}.Release|Any CPU.Build.0 = Release|Any CPU
	EndGlobalSection
	GlobalSection(SolutionProperties) = preSolution
		HideSolutionNode = FALSE
	EndGlobalSection
	GlobalSection(ExtensibilityGlobals) = postSolution
		SolutionGuid = {008EF3EA-5F97-457B-B3E2-5529C47D3535}
	EndGlobalSection
EndGlobal
